
Microsoft Visual Studio Solution File, Format Version 12.00
# Visual Studio 15
VisualStudioVersion = 15.0.28307.902
MinimumVisualStudioVersion = 10.0.40219.1
Project("{FAE04EC0-301F-11D3-BF4B-00C04F79EFBC}") = "TaskIo", "TaskIo\TaskIo.csproj", "{0D180787-1CAF-467D-AA91-09D51160651B}"
EndProject
Global
	GlobalSection(SolutionConfigurationPlatforms) = preSolution
		Debug|Any CPU = Debug|Any CPU
		Release|Any CPU = Release|Any CPU
	EndGlobalSection
	GlobalSection(ProjectConfigurationPlatforms) = postSolution
		{0D180787-1CAF-467D-AA91-09D51160651B}.Debug|Any CPU.ActiveCfg = Debug|Any CPU
		{0D180787-1CAF-467D-AA91-09D51160651B}.Debug|Any CPU.Build.0 = Debug|Any CPU
		{0D180787-1CAF-467D-AA91-09D51160651B}.Release|Any CPU.ActiveCfg = Release|Any CPU
		{0D180787-1CAF-467D-AA91-09D51160651B}.Release|Any CPU.Build.0 = Release|Any CPU
	EndGlobalSection
	GlobalSection(SolutionProperties) = preSolution
		HideSolutionNode = FALSE
	EndGlobalSection
	GlobalSection(ExtensibilityGlobals) = postSolution
		SolutionGuid = {B9E0BFFB-DBA4-4DAD-A7F6-AB99E878A2A4}
	EndGlobalSection
EndGlobal
