
Microsoft Visual Studio Solution File, Format Version 12.00
# Visual Studio 15
VisualStudioVersion = 15.0.28307.902
MinimumVisualStudioVersion = 10.0.40219.1
Project("{FAE04EC0-301F-11D3-BF4B-00C04F79EFBC}") = "NestedLocks", "NestedLocks\NestedLocks.csproj", "{2A446253-3C14-434C-9646-99DA25B53F07}"
EndProject
Global
	GlobalSection(SolutionConfigurationPlatforms) = preSolution
		Debug|Any CPU = Debug|Any CPU
		Release|Any CPU = Release|Any CPU
	EndGlobalSection
	GlobalSection(ProjectConfigurationPlatforms) = postSolution
		{2A446253-3C14-434C-9646-99DA25B53F07}.Debug|Any CPU.ActiveCfg = Debug|Any CPU
		{2A446253-3C14-434C-9646-99DA25B53F07}.Debug|Any CPU.Build.0 = Debug|Any CPU
		{2A446253-3C14-434C-9646-99DA25B53F07}.Release|Any CPU.ActiveCfg = Release|Any CPU
		{2A446253-3C14-434C-9646-99DA25B53F07}.Release|Any CPU.Build.0 = Release|Any CPU
	EndGlobalSection
	GlobalSection(SolutionProperties) = preSolution
		HideSolutionNode = FALSE
	EndGlobalSection
	GlobalSection(ExtensibilityGlobals) = postSolution
		SolutionGuid = {18775DBC-394F-4BAD-9633-6E83406645AA}
	EndGlobalSection
EndGlobal
