
Microsoft Visual Studio Solution File, Format Version 12.00
# Visual Studio 15
VisualStudioVersion = 15.0.28307.902
MinimumVisualStudioVersion = 10.0.40219.1
Project("{FAE04EC0-301F-11D3-BF4B-00C04F79EFBC}") = "Deadlocks", "Deadlocks\Deadlocks.csproj", "{707DAF44-E170-47F7-8CE7-3D781153E4C7}"
EndProject
Global
	GlobalSection(SolutionConfigurationPlatforms) = preSolution
		Debug|Any CPU = Debug|Any CPU
		Release|Any CPU = Release|Any CPU
	EndGlobalSection
	GlobalSection(ProjectConfigurationPlatforms) = postSolution
		{707DAF44-E170-47F7-8CE7-3D781153E4C7}.Debug|Any CPU.ActiveCfg = Debug|Any CPU
		{707DAF44-E170-47F7-8CE7-3D781153E4C7}.Debug|Any CPU.Build.0 = Debug|Any CPU
		{707DAF44-E170-47F7-8CE7-3D781153E4C7}.Release|Any CPU.ActiveCfg = Release|Any CPU
		{707DAF44-E170-47F7-8CE7-3D781153E4C7}.Release|Any CPU.Build.0 = Release|Any CPU
	EndGlobalSection
	GlobalSection(SolutionProperties) = preSolution
		HideSolutionNode = FALSE
	EndGlobalSection
	GlobalSection(ExtensibilityGlobals) = postSolution
		SolutionGuid = {CA9CC6E5-9A54-4C59-BBBB-8E684550606E}
	EndGlobalSection
EndGlobal
